
Microsoft Visual Studio Solution File, Format Version 12.00
# Visual Studio Version 16
VisualStudioVersion = 16.0.29709.97
MinimumVisualStudioVersion = 10.0.40219.1
Project("{FAE04EC0-301F-11D3-BF4B-00C04F79EFBC}") = "Lekcja2", "Lekcja2\Lekcja2.csproj", "{B30A0703-7DEA-4700-8632-4A4F688A728B}"
EndProject
Global
	GlobalSection(SolutionConfigurationPlatforms) = preSolution
		Debug|Any CPU = Debug|Any CPU
		Release|Any CPU = Release|Any CPU
	EndGlobalSection
	GlobalSection(ProjectConfigurationPlatforms) = postSolution
		{B30A0703-7DEA-4700-8632-4A4F688A728B}.Debug|Any CPU.ActiveCfg = Debug|Any CPU
		{B30A0703-7DEA-4700-8632-4A4F688A728B}.Debug|Any CPU.Build.0 = Debug|Any CPU
		{B30A0703-7DEA-4700-8632-4A4F688A728B}.Release|Any CPU.ActiveCfg = Release|Any CPU
		{B30A0703-7DEA-4700-8632-4A4F688A728B}.Release|Any CPU.Build.0 = Release|Any CPU
	EndGlobalSection
	GlobalSection(SolutionProperties) = preSolution
		HideSolutionNode = FALSE
	EndGlobalSection
	GlobalSection(ExtensibilityGlobals) = postSolution
		SolutionGuid = {028E5A09-3C18-460A-90AF-EA464F9BA325}
	EndGlobalSection
EndGlobal
